
Microsoft Visual Studio Solution File, Format Version 12.00
# Visual Studio Version 16
VisualStudioVersion = 16.0.31702.278
MinimumVisualStudioVersion = 10.0.40219.1
Project("{FAE04EC0-301F-11D3-BF4B-00C04F79EFBC}") = "Assignment-01", "Assignment-01.csproj", "{50C0C205-6606-458D-8CA6-811487468859}"
EndProject
Project("{FAE04EC0-301F-11D3-BF4B-00C04F79EFBC}") = "ATM_View", "..\ATM_View\ATM_View.csproj", "{C33D6F6B-410C-4690-9E29-7A56FB0887B7}"
EndProject
Project("{FAE04EC0-301F-11D3-BF4B-00C04F79EFBC}") = "ATM_BLL", "..\ATM_BLL\ATM_BLL.csproj", "{0E94FF15-61BE-4FF8-A09C-E0236439E79F}"
EndProject
Project("{FAE04EC0-301F-11D3-BF4B-00C04F79EFBC}") = "ATM_DAL", "..\ATM_DLL\ATM_DAL.csproj", "{C0DEEE4C-AE5A-4660-A391-2C81FC153FA2}"
EndProject
Project("{FAE04EC0-301F-11D3-BF4B-00C04F79EFBC}") = "ATM_BO", "..\ATM_BO\ATM_BO.csproj", "{6EEBCD23-036C-41C4-9B20-D5FA8BCB2080}"
EndProject
Global
	GlobalSection(SolutionConfigurationPlatforms) = preSolution
		Debug|Any CPU = Debug|Any CPU
		Release|Any CPU = Release|Any CPU
	EndGlobalSection
	GlobalSection(ProjectConfigurationPlatforms) = postSolution
		{50C0C205-6606-458D-8CA6-811487468859}.Debug|Any CPU.ActiveCfg = Debug|Any CPU
		{50C0C205-6606-458D-8CA6-811487468859}.Debug|Any CPU.Build.0 = Debug|Any CPU
		{50C0C205-6606-458D-8CA6-811487468859}.Release|Any CPU.ActiveCfg = Release|Any CPU
		{50C0C205-6606-458D-8CA6-811487468859}.Release|Any CPU.Build.0 = Release|Any CPU
		{C33D6F6B-410C-4690-9E29-7A56FB0887B7}.Debug|Any CPU.ActiveCfg = Debug|Any CPU
		{C33D6F6B-410C-4690-9E29-7A56FB0887B7}.Debug|Any CPU.Build.0 = Debug|Any CPU
		{C33D6F6B-410C-4690-9E29-7A56FB0887B7}.Release|Any CPU.ActiveCfg = Release|Any CPU
		{C33D6F6B-410C-4690-9E29-7A56FB0887B7}.Release|Any CPU.Build.0 = Release|Any CPU
		{0E94FF15-61BE-4FF8-A09C-E0236439E79F}.Debug|Any CPU.ActiveCfg = Debug|Any CPU
		{0E94FF15-61BE-4FF8-A09C-E0236439E79F}.Debug|Any CPU.Build.0 = Debug|Any CPU
		{0E94FF15-61BE-4FF8-A09C-E0236439E79F}.Release|Any CPU.ActiveCfg = Release|Any CPU
		{0E94FF15-61BE-4FF8-A09C-E0236439E79F}.Release|Any CPU.Build.0 = Release|Any CPU
		{C0DEEE4C-AE5A-4660-A391-2C81FC153FA2}.Debug|Any CPU.ActiveCfg = Debug|Any CPU
		{C0DEEE4C-AE5A-4660-A391-2C81FC153FA2}.Debug|Any CPU.Build.0 = Debug|Any CPU
		{C0DEEE4C-AE5A-4660-A391-2C81FC153FA2}.Release|Any CPU.ActiveCfg = Release|Any CPU
		{C0DEEE4C-AE5A-4660-A391-2C81FC153FA2}.Release|Any CPU.Build.0 = Release|Any CPU
		{6EEBCD23-036C-41C4-9B20-D5FA8BCB2080}.Debug|Any CPU.ActiveCfg = Debug|Any CPU
		{6EEBCD23-036C-41C4-9B20-D5FA8BCB2080}.Debug|Any CPU.Build.0 = Debug|Any CPU
		{6EEBCD23-036C-41C4-9B20-D5FA8BCB2080}.Release|Any CPU.ActiveCfg = Release|Any CPU
		{6EEBCD23-036C-41C4-9B20-D5FA8BCB2080}.Release|Any CPU.Build.0 = Release|Any CPU
	EndGlobalSection
	GlobalSection(SolutionProperties) = preSolution
		HideSolutionNode = FALSE
	EndGlobalSection
	GlobalSection(ExtensibilityGlobals) = postSolution
		SolutionGuid = {5FA4D1BD-ABB3-4C87-8653-17F3A85F2C1C}
	EndGlobalSection
EndGlobal
